// !$*UTF8*$!
{
	archiveVersion = 1;
	classes = {
	};
	objectVersion = 56;
	objects = {

/* Begin PBXBuildFile section */
		559332702AAB7599004BADF8 /* AppDelegate.swift in Sources */ = {isa = PBXBuildFile; fileRef = 5593326F2AAB7599004BADF8 /* AppDelegate.swift */; };
		559332722AAB7599004BADF8 /* SceneDelegate.swift in Sources */ = {isa = PBXBuildFile; fileRef = 559332712AAB7599004BADF8 /* SceneDelegate.swift */; };
		559332742AAB7599004BADF8 /* ViewController.swift in Sources */ = {isa = PBXBuildFile; fileRef = 559332732AAB7599004BADF8 /* ViewController.swift */; };
		559332792AAB7599004BADF8 /* Assets.xcassets in Resources */ = {isa = PBXBuildFile; fileRef = 559332782AAB7599004BADF8 /* Assets.xcassets */; };
		5593327C2AAB7599004BADF8 /* LaunchScreen.storyboard in Resources */ = {isa = PBXBuildFile; fileRef = 5593327A2AAB7599004BADF8 /* LaunchScreen.storyboard */; };
		559332852AAB75AD004BADF8 /* JimmyKit in Frameworks */ = {isa = PBXBuildFile; productRef = 559332842AAB75AD004BADF8 /* JimmyKit */; };
		559332882AAB75BB004BADF8 /* SnapKit in Frameworks */ = {isa = PBXBuildFile; productRef = 559332872AAB75BB004BADF8 /* SnapKit */; };
		5593328A2AAB75E6004BADF8 /* .gitignore in Resources */ = {isa = PBXBuildFile; fileRef = 559332892AAB75E6004BADF8 /* .gitignore */; };
		5593328C2AAB75FD004BADF8 /* APIKEY.swift in Sources */ = {isa = PBXBuildFile; fileRef = 5593328B2AAB75FD004BADF8 /* APIKEY.swift */; };
/* End PBXBuildFile section */

/* Begin PBXFileReference section */
		5593326C2AAB7599004BADF8 /* NaverShoppingList.app */ = {isa = PBXFileReference; explicitFileType = wrapper.application; includeInIndex = 0; path = NaverShoppingList.app; sourceTree = BUILT_PRODUCTS_DIR; };
		5593326F2AAB7599004BADF8 /* AppDelegate.swift */ = {isa = PBXFileReference; lastKnownFileType = sourcecode.swift; path = AppDelegate.swift; sourceTree = "<group>"; };
		559332712AAB7599004BADF8 /* SceneDelegate.swift */ = {isa = PBXFileReference; lastKnownFileType = sourcecode.swift; path = SceneDelegate.swift; sourceTree = "<group>"; };
		559332732AAB7599004BADF8 /* ViewController.swift */ = {isa = PBXFileReference; lastKnownFileType = sourcecode.swift; path = ViewController.swift; sourceTree = "<group>"; };
		559332782AAB7599004BADF8 /* Assets.xcassets */ = {isa = PBXFileReference; lastKnownFileType = folder.assetcatalog; path = Assets.xcassets; sourceTree = "<group>"; };
		5593327B2AAB7599004BADF8 /* Base */ = {isa = PBXFileReference; lastKnownFileType = file.storyboard; name = Base; path = Base.lproj/LaunchScreen.storyboard; sourceTree = "<group>"; };
		5593327D2AAB7599004BADF8 /* Info.plist */ = {isa = PBXFileReference; lastKnownFileType = text.plist.xml; path = Info.plist; sourceTree = "<group>"; };
		559332892AAB75E6004BADF8 /* .gitignore */ = {isa = PBXFileReference; lastKnownFileType = text; path = .gitignore; sourceTree = "<group>"; };
		5593328B2AAB75FD004BADF8 /* APIKEY.swift */ = {isa = PBXFileReference; lastKnownFileType = sourcecode.swift; path = APIKEY.swift; sourceTree = "<group>"; };
/* End PBXFileReference section */

/* Begin PBXFrameworksBuildPhase section */
		559332692AAB7599004BADF8 /* Frameworks */ = {
			isa = PBXFrameworksBuildPhase;
			buildActionMask = 2147483647;
			files = (
				559332852AAB75AD004BADF8 /* JimmyKit in Frameworks */,
				559332882AAB75BB004BADF8 /* SnapKit in Frameworks */,
			);
			runOnlyForDeploymentPostprocessing = 0;
		};
/* End PBXFrameworksBuildPhase section */

/* Begin PBXGroup section */
		559332632AAB7599004BADF8 = {
			isa = PBXGroup;
			children = (
				5593326E2AAB7599004BADF8 /* NaverShoppingList */,
				5593326D2AAB7599004BADF8 /* Products */,
			);
			sourceTree = "<group>";
		};
		5593326D2AAB7599004BADF8 /* Products */ = {
			isa = PBXGroup;
			children = (
				5593326C2AAB7599004BADF8 /* NaverShoppingList.app */,
			);
			name = Products;
			sourceTree = "<group>";
		};
		5593326E2AAB7599004BADF8 /* NaverShoppingList */ = {
			isa = PBXGroup;
			children = (
				5593328D2AAB76D4004BADF8 /* Resource */,
				559332902AAB7737004BADF8 /* Source */,
			);
			path = NaverShoppingList;
			sourceTree = "<group>";
		};
		5593328D2AAB76D4004BADF8 /* Resource */ = {
			isa = PBXGroup;
			children = (
				5593327D2AAB7599004BADF8 /* Info.plist */,
				559332782AAB7599004BADF8 /* Assets.xcassets */,
				5593327A2AAB7599004BADF8 /* LaunchScreen.storyboard */,
				5593329D2AAB788A004BADF8 /* Extension */,
				5593329E2AAB7892004BADF8 /* Constants */,
			);
			path = Resource;
			sourceTree = "<group>";
		};
		5593328E2AAB7700004BADF8 /* App */ = {
			isa = PBXGroup;
			children = (
				5593326F2AAB7599004BADF8 /* AppDelegate.swift */,
				559332712AAB7599004BADF8 /* SceneDelegate.swift */,
			);
			path = App;
			sourceTree = "<group>";
		};
		5593328F2AAB770E004BADF8 /* APIKey */ = {
			isa = PBXGroup;
			children = (
				559332892AAB75E6004BADF8 /* .gitignore */,
				5593328B2AAB75FD004BADF8 /* APIKEY.swift */,
			);
			path = APIKey;
			sourceTree = "<group>";
		};
		559332902AAB7737004BADF8 /* Source */ = {
			isa = PBXGroup;
			children = (
				5593328E2AAB7700004BADF8 /* App */,
				559332932AAB7774004BADF8 /* Network */,
				559332962AAB77A2004BADF8 /* Model */,
				559332912AAB7757004BADF8 /* View */,
				559332922AAB775E004BADF8 /* Controller */,
			);
			path = Source;
			sourceTree = "<group>";
		};
		559332912AAB7757004BADF8 /* View */ = {
			isa = PBXGroup;
			children = (
				5593329C2AAB785E004BADF8 /* Search */,
				5593329B2AAB785C004BADF8 /* Like */,
				5593329A2AAB7858004BADF8 /* Detail */,
			);
			path = View;
			sourceTree = "<group>";
		};
		559332922AAB775E004BADF8 /* Controller */ = {
			isa = PBXGroup;
			children = (
				559332972AAB77C0004BADF8 /* Search */,
				559332982AAB7803004BADF8 /* Like */,
				559332992AAB7839004BADF8 /* Detail */,
				559332732AAB7599004BADF8 /* ViewController.swift */,
			);
			path = Controller;
			sourceTree = "<group>";
		};
		559332932AAB7774004BADF8 /* Network */ = {
			isa = PBXGroup;
			children = (
				559332952AAB7790004BADF8 /* APIEndPoint */,
				5593328F2AAB770E004BADF8 /* APIKey */,
				559332942AAB7781004BADF8 /* APIService */,
			);
			path = Network;
			sourceTree = "<group>";
		};
		559332942AAB7781004BADF8 /* APIService */ = {
			isa = PBXGroup;
			children = (
			);
			path = APIService;
			sourceTree = "<group>";
		};
		559332952AAB7790004BADF8 /* APIEndPoint */ = {
			isa = PBXGroup;
			children = (
			);
			path = APIEndPoint;
			sourceTree = "<group>";
		};
		559332962AAB77A2004BADF8 /* Model */ = {
			isa = PBXGroup;
			children = (
			);
			path = Model;
			sourceTree = "<group>";
		};
		559332972AAB77C0004BADF8 /* Search */ = {
			isa = PBXGroup;
			children = (
			);
			path = Search;
			sourceTree = "<group>";
		};
		559332982AAB7803004BADF8 /* Like */ = {
			isa = PBXGroup;
			children = (
			);
			path = Like;
			sourceTree = "<group>";
		};
		559332992AAB7839004BADF8 /* Detail */ = {
			isa = PBXGroup;
			children = (
			);
			path = Detail;
			sourceTree = "<group>";
		};
		5593329A2AAB7858004BADF8 /* Detail */ = {
			isa = PBXGroup;
			children = (
			);
			path = Detail;
			sourceTree = "<group>";
		};
		5593329B2AAB785C004BADF8 /* Like */ = {
			isa = PBXGroup;
			children = (
			);
			path = Like;
			sourceTree = "<group>";
		};
		5593329C2AAB785E004BADF8 /* Search */ = {
			isa = PBXGroup;
			children = (
			);
			path = Search;
			sourceTree = "<group>";
		};
		5593329D2AAB788A004BADF8 /* Extension */ = {
			isa = PBXGroup;
			children = (
			);
			path = Extension;
			sourceTree = "<group>";
		};
		5593329E2AAB7892004BADF8 /* Constants */ = {
			isa = PBXGroup;
			children = (
			);
			path = Constants;
			sourceTree = "<group>";
		};
/* End PBXGroup section */

/* Begin PBXNativeTarget section */
		5593326B2AAB7599004BADF8 /* NaverShoppingList */ = {
			isa = PBXNativeTarget;
			buildConfigurationList = 559332802AAB7599004BADF8 /* Build configuration list for PBXNativeTarget "NaverShoppingList" */;
			buildPhases = (
				559332682AAB7599004BADF8 /* Sources */,
				559332692AAB7599004BADF8 /* Frameworks */,
				5593326A2AAB7599004BADF8 /* Resources */,
			);
			buildRules = (
			);
			dependencies = (
			);
			name = NaverShoppingList;
			packageProductDependencies = (
				559332842AAB75AD004BADF8 /* JimmyKit */,
				559332872AAB75BB004BADF8 /* SnapKit */,
			);
			productName = NaverShoppingList;
			productReference = 5593326C2AAB7599004BADF8 /* NaverShoppingList.app */;
			productType = "com.apple.product-type.application";
		};
/* End PBXNativeTarget section */

/* Begin PBXProject section */
		559332642AAB7599004BADF8 /* Project object */ = {
			isa = PBXProject;
			attributes = {
				BuildIndependentTargetsInParallel = 1;
				LastSwiftUpdateCheck = 1430;
				LastUpgradeCheck = 1430;
				TargetAttributes = {
					5593326B2AAB7599004BADF8 = {
						CreatedOnToolsVersion = 14.3.1;
					};
				};
			};
			buildConfigurationList = 559332672AAB7599004BADF8 /* Build configuration list for PBXProject "NaverShoppingList" */;
			compatibilityVersion = "Xcode 14.0";
			developmentRegion = en;
			hasScannedForEncodings = 0;
			knownRegions = (
				en,
				Base,
			);
			mainGroup = 559332632AAB7599004BADF8;
			packageReferences = (
				559332832AAB75AD004BADF8 /* XCRemoteSwiftPackageReference "JimmyKit" */,
				559332862AAB75BB004BADF8 /* XCRemoteSwiftPackageReference "SnapKit" */,
			);
			productRefGroup = 5593326D2AAB7599004BADF8 /* Products */;
			projectDirPath = "";
			projectRoot = "";
			targets = (
				5593326B2AAB7599004BADF8 /* NaverShoppingList */,
			);
		};
/* End PBXProject section */

/* Begin PBXResourcesBuildPhase section */
		5593326A2AAB7599004BADF8 /* Resources */ = {
			isa = PBXResourcesBuildPhase;
			buildActionMask = 2147483647;
			files = (
				5593328A2AAB75E6004BADF8 /* .gitignore in Resources */,
				5593327C2AAB7599004BADF8 /* LaunchScreen.storyboard in Resources */,
				559332792AAB7599004BADF8 /* Assets.xcassets in Resources */,
			);
			runOnlyForDeploymentPostprocessing = 0;
		};
/* End PBXResourcesBuildPhase section */

/* Begin PBXSourcesBuildPhase section */
		559332682AAB7599004BADF8 /* Sources */ = {
			isa = PBXSourcesBuildPhase;
			buildActionMask = 2147483647;
			files = (
				559332742AAB7599004BADF8 /* ViewController.swift in Sources */,
				559332702AAB7599004BADF8 /* AppDelegate.swift in Sources */,
				5593328C2AAB75FD004BADF8 /* APIKEY.swift in Sources */,
				559332722AAB7599004BADF8 /* SceneDelegate.swift in Sources */,
			);
			runOnlyForDeploymentPostprocessing = 0;
		};
/* End PBXSourcesBuildPhase section */

/* Begin PBXVariantGroup section */
		5593327A2AAB7599004BADF8 /* LaunchScreen.storyboard */ = {
			isa = PBXVariantGroup;
			children = (
				5593327B2AAB7599004BADF8 /* Base */,
			);
			name = LaunchScreen.storyboard;
			sourceTree = "<group>";
		};
/* End PBXVariantGroup section */

/* Begin XCBuildConfiguration section */
		5593327E2AAB7599004BADF8 /* Debug */ = {
			isa = XCBuildConfiguration;
			buildSettings = {
				ALWAYS_SEARCH_USER_PATHS = NO;
				CLANG_ANALYZER_NONNULL = YES;
				CLANG_ANALYZER_NUMBER_OBJECT_CONVERSION = YES_AGGRESSIVE;
				CLANG_CXX_LANGUAGE_STANDARD = "gnu++20";
				CLANG_ENABLE_MODULES = YES;
				CLANG_ENABLE_OBJC_ARC = YES;
				CLANG_ENABLE_OBJC_WEAK = YES;
				CLANG_WARN_BLOCK_CAPTURE_AUTORELEASING = YES;
				CLANG_WARN_BOOL_CONVERSION = YES;
				CLANG_WARN_COMMA = YES;
				CLANG_WARN_CONSTANT_CONVERSION = YES;
				CLANG_WARN_DEPRECATED_OBJC_IMPLEMENTATIONS = YES;
				CLANG_WARN_DIRECT_OBJC_ISA_USAGE = YES_ERROR;
				CLANG_WARN_DOCUMENTATION_COMMENTS = YES;
				CLANG_WARN_EMPTY_BODY = YES;
				CLANG_WARN_ENUM_CONVERSION = YES;
				CLANG_WARN_INFINITE_RECURSION = YES;
				CLANG_WARN_INT_CONVERSION = YES;
				CLANG_WARN_NON_LITERAL_NULL_CONVERSION = YES;
				CLANG_WARN_OBJC_IMPLICIT_RETAIN_SELF = YES;
				CLANG_WARN_OBJC_LITERAL_CONVERSION = YES;
				CLANG_WARN_OBJC_ROOT_CLASS = YES_ERROR;
				CLANG_WARN_QUOTED_INCLUDE_IN_FRAMEWORK_HEADER = YES;
				CLANG_WARN_RANGE_LOOP_ANALYSIS = YES;
				CLANG_WARN_STRICT_PROTOTYPES = YES;
				CLANG_WARN_SUSPICIOUS_MOVE = YES;
				CLANG_WARN_UNGUARDED_AVAILABILITY = YES_AGGRESSIVE;
				CLANG_WARN_UNREACHABLE_CODE = YES;
				CLANG_WARN__DUPLICATE_METHOD_MATCH = YES;
				COPY_PHASE_STRIP = NO;
				DEBUG_INFORMATION_FORMAT = dwarf;
				ENABLE_STRICT_OBJC_MSGSEND = YES;
				ENABLE_TESTABILITY = YES;
				GCC_C_LANGUAGE_STANDARD = gnu11;
				GCC_DYNAMIC_NO_PIC = NO;
				GCC_NO_COMMON_BLOCKS = YES;
				GCC_OPTIMIZATION_LEVEL = 0;
				GCC_PREPROCESSOR_DEFINITIONS = (
					"DEBUG=1",
					"$(inherited)",
				);
				GCC_WARN_64_TO_32_BIT_CONVERSION = YES;
				GCC_WARN_ABOUT_RETURN_TYPE = YES_ERROR;
				GCC_WARN_UNDECLARED_SELECTOR = YES;
				GCC_WARN_UNINITIALIZED_AUTOS = YES_AGGRESSIVE;
				GCC_WARN_UNUSED_FUNCTION = YES;
				GCC_WARN_UNUSED_VARIABLE = YES;
				IPHONEOS_DEPLOYMENT_TARGET = 16.4;
				MTL_ENABLE_DEBUG_INFO = INCLUDE_SOURCE;
				MTL_FAST_MATH = YES;
				ONLY_ACTIVE_ARCH = YES;
				SDKROOT = iphoneos;
				SWIFT_ACTIVE_COMPILATION_CONDITIONS = DEBUG;
				SWIFT_OPTIMIZATION_LEVEL = "-Onone";
			};
			name = Debug;
		};
		5593327F2AAB7599004BADF8 /* Release */ = {
			isa = XCBuildConfiguration;
			buildSettings = {
				ALWAYS_SEARCH_USER_PATHS = NO;
				CLANG_ANALYZER_NONNULL = YES;
				CLANG_ANALYZER_NUMBER_OBJECT_CONVERSION = YES_AGGRESSIVE;
				CLANG_CXX_LANGUAGE_STANDARD = "gnu++20";
				CLANG_ENABLE_MODULES = YES;
				CLANG_ENABLE_OBJC_ARC = YES;
				CLANG_ENABLE_OBJC_WEAK = YES;
				CLANG_WARN_BLOCK_CAPTURE_AUTORELEASING = YES;
				CLANG_WARN_BOOL_CONVERSION = YES;
				CLANG_WARN_COMMA = YES;
				CLANG_WARN_CONSTANT_CONVERSION = YES;
				CLANG_WARN_DEPRECATED_OBJC_IMPLEMENTATIONS = YES;
				CLANG_WARN_DIRECT_OBJC_ISA_USAGE = YES_ERROR;
				CLANG_WARN_DOCUMENTATION_COMMENTS = YES;
				CLANG_WARN_EMPTY_BODY = YES;
				CLANG_WARN_ENUM_CONVERSION = YES;
				CLANG_WARN_INFINITE_RECURSION = YES;
				CLANG_WARN_INT_CONVERSION = YES;
				CLANG_WARN_NON_LITERAL_NULL_CONVERSION = YES;
				CLANG_WARN_OBJC_IMPLICIT_RETAIN_SELF = YES;
				CLANG_WARN_OBJC_LITERAL_CONVERSION = YES;
				CLANG_WARN_OBJC_ROOT_CLASS = YES_ERROR;
				CLANG_WARN_QUOTED_INCLUDE_IN_FRAMEWORK_HEADER = YES;
				CLANG_WARN_RANGE_LOOP_ANALYSIS = YES;
				CLANG_WARN_STRICT_PROTOTYPES = YES;
				CLANG_WARN_SUSPICIOUS_MOVE = YES;
				CLANG_WARN_UNGUARDED_AVAILABILITY = YES_AGGRESSIVE;
				CLANG_WARN_UNREACHABLE_CODE = YES;
				CLANG_WARN__DUPLICATE_METHOD_MATCH = YES;
				COPY_PHASE_STRIP = NO;
				DEBUG_INFORMATION_FORMAT = "dwarf-with-dsym";
				ENABLE_NS_ASSERTIONS = NO;
				ENABLE_STRICT_OBJC_MSGSEND = YES;
				GCC_C_LANGUAGE_STANDARD = gnu11;
				GCC_NO_COMMON_BLOCKS = YES;
				GCC_WARN_64_TO_32_BIT_CONVERSION = YES;
				GCC_WARN_ABOUT_RETURN_TYPE = YES_ERROR;
				GCC_WARN_UNDECLARED_SELECTOR = YES;
				GCC_WARN_UNINITIALIZED_AUTOS = YES_AGGRESSIVE;
				GCC_WARN_UNUSED_FUNCTION = YES;
				GCC_WARN_UNUSED_VARIABLE = YES;
				IPHONEOS_DEPLOYMENT_TARGET = 16.4;
				MTL_ENABLE_DEBUG_INFO = NO;
				MTL_FAST_MATH = YES;
				SDKROOT = iphoneos;
				SWIFT_COMPILATION_MODE = wholemodule;
				SWIFT_OPTIMIZATION_LEVEL = "-O";
				VALIDATE_PRODUCT = YES;
			};
			name = Release;
		};
		559332812AAB7599004BADF8 /* Debug */ = {
			isa = XCBuildConfiguration;
			buildSettings = {
				ASSETCATALOG_COMPILER_APPICON_NAME = AppIcon;
				ASSETCATALOG_COMPILER_GLOBAL_ACCENT_COLOR_NAME = AccentColor;
				CODE_SIGN_STYLE = Automatic;
				CURRENT_PROJECT_VERSION = 1;
				DEVELOPMENT_TEAM = VJ2VF4KUF7;
				GENERATE_INFOPLIST_FILE = YES;
				INFOPLIST_FILE = NaverShoppingList/Resource/Info.plist;
				INFOPLIST_KEY_UIApplicationSupportsIndirectInputEvents = YES;
				INFOPLIST_KEY_UILaunchStoryboardName = LaunchScreen;
				INFOPLIST_KEY_UISupportedInterfaceOrientations_iPad = "UIInterfaceOrientationPortrait UIInterfaceOrientationPortraitUpsideDown UIInterfaceOrientationLandscapeLeft UIInterfaceOrientationLandscapeRight";
				INFOPLIST_KEY_UISupportedInterfaceOrientations_iPhone = "UIInterfaceOrientationPortrait UIInterfaceOrientationLandscapeLeft UIInterfaceOrientationLandscapeRight";
				LD_RUNPATH_SEARCH_PATHS = (
					"$(inherited)",
					"@executable_path/Frameworks",
				);
				MARKETING_VERSION = 1.0;
				PRODUCT_BUNDLE_IDENTIFIER = com.Jimmy.NaverShoppingList;
				PRODUCT_NAME = "$(TARGET_NAME)";
				SWIFT_EMIT_LOC_STRINGS = YES;
				SWIFT_VERSION = 5.0;
				TARGETED_DEVICE_FAMILY = "1,2";
			};
			name = Debug;
		};
		559332822AAB7599004BADF8 /* Release */ = {
			isa = XCBuildConfiguration;
			buildSettings = {
				ASSETCATALOG_COMPILER_APPICON_NAME = AppIcon;
				ASSETCATALOG_COMPILER_GLOBAL_ACCENT_COLOR_NAME = AccentColor;
				CODE_SIGN_STYLE = Automatic;
				CURRENT_PROJECT_VERSION = 1;
				DEVELOPMENT_TEAM = VJ2VF4KUF7;
				GENERATE_INFOPLIST_FILE = YES;
				INFOPLIST_FILE = NaverShoppingList/Resource/Info.plist;
				INFOPLIST_KEY_UIApplicationSupportsIndirectInputEvents = YES;
				INFOPLIST_KEY_UILaunchStoryboardName = LaunchScreen;
				INFOPLIST_KEY_UISupportedInterfaceOrientations_iPad = "UIInterfaceOrientationPortrait UIInterfaceOrientationPortraitUpsideDown UIInterfaceOrientationLandscapeLeft UIInterfaceOrientationLandscapeRight";
				INFOPLIST_KEY_UISupportedInterfaceOrientations_iPhone = "UIInterfaceOrientationPortrait UIInterfaceOrientationLandscapeLeft UIInterfaceOrientationLandscapeRight";
				LD_RUNPATH_SEARCH_PATHS = (
					"$(inherited)",
					"@executable_path/Frameworks",
				);
				MARKETING_VERSION = 1.0;
				PRODUCT_BUNDLE_IDENTIFIER = com.Jimmy.NaverShoppingList;
				PRODUCT_NAME = "$(TARGET_NAME)";
				SWIFT_EMIT_LOC_STRINGS = YES;
				SWIFT_VERSION = 5.0;
				TARGETED_DEVICE_FAMILY = "1,2";
			};
			name = Release;
		};
/* End XCBuildConfiguration section */

/* Begin XCConfigurationList section */
		559332672AAB7599004BADF8 /* Build configuration list for PBXProject "NaverShoppingList" */ = {
			isa = XCConfigurationList;
			buildConfigurations = (
				5593327E2AAB7599004BADF8 /* Debug */,
				5593327F2AAB7599004BADF8 /* Release */,
			);
			defaultConfigurationIsVisible = 0;
			defaultConfigurationName = Release;
		};
		559332802AAB7599004BADF8 /* Build configuration list for PBXNativeTarget "NaverShoppingList" */ = {
			isa = XCConfigurationList;
			buildConfigurations = (
				559332812AAB7599004BADF8 /* Debug */,
				559332822AAB7599004BADF8 /* Release */,
			);
			defaultConfigurationIsVisible = 0;
			defaultConfigurationName = Release;
		};
/* End XCConfigurationList section */

/* Begin XCRemoteSwiftPackageReference section */
		559332832AAB75AD004BADF8 /* XCRemoteSwiftPackageReference "JimmyKit" */ = {
			isa = XCRemoteSwiftPackageReference;
			repositoryURL = "https://github.com/Jimmy-Jung/JimmyKit";
			requirement = {
				kind = upToNextMajorVersion;
				minimumVersion = 1.0.0;
			};
		};
		559332862AAB75BB004BADF8 /* XCRemoteSwiftPackageReference "SnapKit" */ = {
			isa = XCRemoteSwiftPackageReference;
			repositoryURL = "https://github.com/SnapKit/SnapKit.git";
			requirement = {
				kind = upToNextMajorVersion;
				minimumVersion = 5.0.0;
			};
		};
/* End XCRemoteSwiftPackageReference section */

/* Begin XCSwiftPackageProductDependency section */
		559332842AAB75AD004BADF8 /* JimmyKit */ = {
			isa = XCSwiftPackageProductDependency;
			package = 559332832AAB75AD004BADF8 /* XCRemoteSwiftPackageReference "JimmyKit" */;
			productName = JimmyKit;
		};
		559332872AAB75BB004BADF8 /* SnapKit */ = {
			isa = XCSwiftPackageProductDependency;
			package = 559332862AAB75BB004BADF8 /* XCRemoteSwiftPackageReference "SnapKit" */;
			productName = SnapKit;
		};
/* End XCSwiftPackageProductDependency section */
	};
	rootObject = 559332642AAB7599004BADF8 /* Project object */;
}
