// !$*UTF8*$!
{
	archiveVersion = 1;
	classes = {
	};
	objectVersion = 56;
	objects = {

/* Begin PBXBuildFile section */
		553CCDEC2AAD5D990083C35B /* NSSearchView.swift in Sources */ = {isa = PBXBuildFile; fileRef = 553CCDEB2AAD5D990083C35B /* NSSearchView.swift */; };
		553CCDEF2AAD5E620083C35B /* NSTabBarController.swift in Sources */ = {isa = PBXBuildFile; fileRef = 553CCDEE2AAD5E610083C35B /* NSTabBarController.swift */; };
		553CCDF12AAD5EBA0083C35B /* NSLikedViewController.swift in Sources */ = {isa = PBXBuildFile; fileRef = 553CCDF02AAD5EBA0083C35B /* NSLikedViewController.swift */; };
		553CCDF32AAD5F0A0083C35B /* NSDetailViewController.swift in Sources */ = {isa = PBXBuildFile; fileRef = 553CCDF22AAD5F0A0083C35B /* NSDetailViewController.swift */; };
		553CCDF52AAD5F200083C35B /* NSMoreViewController.swift in Sources */ = {isa = PBXBuildFile; fileRef = 553CCDF42AAD5F200083C35B /* NSMoreViewController.swift */; };
		553CCDF72AAD65FE0083C35B /* LocalizedString.swift in Sources */ = {isa = PBXBuildFile; fileRef = 553CCDF62AAD65FE0083C35B /* LocalizedString.swift */; };
		553CCDF92AAD6AAA0083C35B /* UICollectionViewFlowLayout+Extension.swift in Sources */ = {isa = PBXBuildFile; fileRef = 553CCDF82AAD6AAA0083C35B /* UICollectionViewFlowLayout+Extension.swift */; };
		553CCDFC2AAD738C0083C35B /* NSButtonCollectionViewCell.swift in Sources */ = {isa = PBXBuildFile; fileRef = 553CCDFB2AAD738C0083C35B /* NSButtonCollectionViewCell.swift */; };
		553CCDFE2AAD73B70083C35B /* NSResultCollectionViewCell.swift in Sources */ = {isa = PBXBuildFile; fileRef = 553CCDFD2AAD73B70083C35B /* NSResultCollectionViewCell.swift */; };
		553CCE002AAD761D0083C35B /* UIConstants.swift in Sources */ = {isa = PBXBuildFile; fileRef = 553CCDFF2AAD761D0083C35B /* UIConstants.swift */; };
		553CCE0D2AAD98B80083C35B /* NSSearchManager.swift in Sources */ = {isa = PBXBuildFile; fileRef = 553CCE0C2AAD98B80083C35B /* NSSearchManager.swift */; };
		553CCE0F2AADA1C50083C35B /* UIViewController+Extension.swift in Sources */ = {isa = PBXBuildFile; fileRef = 553CCE0E2AADA1C50083C35B /* UIViewController+Extension.swift */; };
		553CCE112AADA5A20083C35B /* Preview+Extension.swift in Sources */ = {isa = PBXBuildFile; fileRef = 553CCE102AADA5A20083C35B /* Preview+Extension.swift */; };
		553CCE132AADBB0A0083C35B /* String+Extension.swift in Sources */ = {isa = PBXBuildFile; fileRef = 553CCE122AADBB0A0083C35B /* String+Extension.swift */; };
		553CCE152AADC9910083C35B /* ImageView+Extension.swift in Sources */ = {isa = PBXBuildFile; fileRef = 553CCE142AADC9910083C35B /* ImageView+Extension.swift */; };
		553CCE192AADD3160083C35B /* RealmManager.swift in Sources */ = {isa = PBXBuildFile; fileRef = 553CCE182AADD3160083C35B /* RealmManager.swift */; };
		553CCE1B2AADD45B0083C35B /* RealmShoppingData.swift in Sources */ = {isa = PBXBuildFile; fileRef = 553CCE1A2AADD45B0083C35B /* RealmShoppingData.swift */; };
		558749B62AAC051900CEA4A2 /* ErrorString.swift in Sources */ = {isa = PBXBuildFile; fileRef = 558749B52AAC051900CEA4A2 /* ErrorString.swift */; };
		558749B82AAC070000CEA4A2 /* NaverShoppingAPIService.swift in Sources */ = {isa = PBXBuildFile; fileRef = 558749B72AAC070000CEA4A2 /* NaverShoppingAPIService.swift */; };
		558749BD2AAC5A0000CEA4A2 /* NaverErrorResult.swift in Sources */ = {isa = PBXBuildFile; fileRef = 558749BC2AAC5A0000CEA4A2 /* NaverErrorResult.swift */; };
		559332702AAB7599004BADF8 /* AppDelegate.swift in Sources */ = {isa = PBXBuildFile; fileRef = 5593326F2AAB7599004BADF8 /* AppDelegate.swift */; };
		559332722AAB7599004BADF8 /* SceneDelegate.swift in Sources */ = {isa = PBXBuildFile; fileRef = 559332712AAB7599004BADF8 /* SceneDelegate.swift */; };
		559332742AAB7599004BADF8 /* NSSearchViewController.swift in Sources */ = {isa = PBXBuildFile; fileRef = 559332732AAB7599004BADF8 /* NSSearchViewController.swift */; };
		559332792AAB7599004BADF8 /* Assets.xcassets in Resources */ = {isa = PBXBuildFile; fileRef = 559332782AAB7599004BADF8 /* Assets.xcassets */; };
		5593327C2AAB7599004BADF8 /* LaunchScreen.storyboard in Resources */ = {isa = PBXBuildFile; fileRef = 5593327A2AAB7599004BADF8 /* LaunchScreen.storyboard */; };
		559332852AAB75AD004BADF8 /* JimmyKit in Frameworks */ = {isa = PBXBuildFile; productRef = 559332842AAB75AD004BADF8 /* JimmyKit */; };
		559332882AAB75BB004BADF8 /* SnapKit in Frameworks */ = {isa = PBXBuildFile; productRef = 559332872AAB75BB004BADF8 /* SnapKit */; };
		5593328A2AAB75E6004BADF8 /* .gitignore in Resources */ = {isa = PBXBuildFile; fileRef = 559332892AAB75E6004BADF8 /* .gitignore */; };
		5593328C2AAB75FD004BADF8 /* APIKEY.swift in Sources */ = {isa = PBXBuildFile; fileRef = 5593328B2AAB75FD004BADF8 /* APIKEY.swift */; };
		559332A32AAB7C2C004BADF8 /* Realm in Frameworks */ = {isa = PBXBuildFile; productRef = 559332A22AAB7C2C004BADF8 /* Realm */; };
		559332A52AAB7C2C004BADF8 /* RealmSwift in Frameworks */ = {isa = PBXBuildFile; productRef = 559332A42AAB7C2C004BADF8 /* RealmSwift */; };
		559332A72AAB7C86004BADF8 /* NaverShoppingEndPoint.swift in Sources */ = {isa = PBXBuildFile; fileRef = 559332A62AAB7C86004BADF8 /* NaverShoppingEndPoint.swift */; };
		559332AB2AAB8F7E004BADF8 /* NetworkError.swift in Sources */ = {isa = PBXBuildFile; fileRef = 559332AA2AAB8F7E004BADF8 /* NetworkError.swift */; };
		559332AD2AABAA06004BADF8 /* ShoppingResult.swift in Sources */ = {isa = PBXBuildFile; fileRef = 559332AC2AABAA06004BADF8 /* ShoppingResult.swift */; };
		559332B52AABFF8D004BADF8 /* NaverShoppingListTests.swift in Sources */ = {isa = PBXBuildFile; fileRef = 559332B42AABFF8D004BADF8 /* NaverShoppingListTests.swift */; };
/* End PBXBuildFile section */

/* Begin PBXContainerItemProxy section */
		559332B62AABFF8D004BADF8 /* PBXContainerItemProxy */ = {
			isa = PBXContainerItemProxy;
			containerPortal = 559332642AAB7599004BADF8 /* Project object */;
			proxyType = 1;
			remoteGlobalIDString = 5593326B2AAB7599004BADF8;
			remoteInfo = NaverShoppingList;
		};
/* End PBXContainerItemProxy section */

/* Begin PBXFileReference section */
		553CCDEB2AAD5D990083C35B /* NSSearchView.swift */ = {isa = PBXFileReference; lastKnownFileType = sourcecode.swift; path = NSSearchView.swift; sourceTree = "<group>"; };
		553CCDEE2AAD5E610083C35B /* NSTabBarController.swift */ = {isa = PBXFileReference; lastKnownFileType = sourcecode.swift; path = NSTabBarController.swift; sourceTree = "<group>"; };
		553CCDF02AAD5EBA0083C35B /* NSLikedViewController.swift */ = {isa = PBXFileReference; lastKnownFileType = sourcecode.swift; path = NSLikedViewController.swift; sourceTree = "<group>"; };
		553CCDF22AAD5F0A0083C35B /* NSDetailViewController.swift */ = {isa = PBXFileReference; lastKnownFileType = sourcecode.swift; path = NSDetailViewController.swift; sourceTree = "<group>"; };
		553CCDF42AAD5F200083C35B /* NSMoreViewController.swift */ = {isa = PBXFileReference; lastKnownFileType = sourcecode.swift; path = NSMoreViewController.swift; sourceTree = "<group>"; };
		553CCDF62AAD65FE0083C35B /* LocalizedString.swift */ = {isa = PBXFileReference; lastKnownFileType = sourcecode.swift; path = LocalizedString.swift; sourceTree = "<group>"; };
		553CCDF82AAD6AAA0083C35B /* UICollectionViewFlowLayout+Extension.swift */ = {isa = PBXFileReference; fileEncoding = 4; lastKnownFileType = sourcecode.swift; path = "UICollectionViewFlowLayout+Extension.swift"; sourceTree = "<group>"; };
		553CCDFB2AAD738C0083C35B /* NSButtonCollectionViewCell.swift */ = {isa = PBXFileReference; lastKnownFileType = sourcecode.swift; path = NSButtonCollectionViewCell.swift; sourceTree = "<group>"; };
		553CCDFD2AAD73B70083C35B /* NSResultCollectionViewCell.swift */ = {isa = PBXFileReference; lastKnownFileType = sourcecode.swift; path = NSResultCollectionViewCell.swift; sourceTree = "<group>"; };
		553CCDFF2AAD761D0083C35B /* UIConstants.swift */ = {isa = PBXFileReference; lastKnownFileType = sourcecode.swift; path = UIConstants.swift; sourceTree = "<group>"; };
		553CCE0C2AAD98B80083C35B /* NSSearchManager.swift */ = {isa = PBXFileReference; lastKnownFileType = sourcecode.swift; path = NSSearchManager.swift; sourceTree = "<group>"; };
		553CCE0E2AADA1C50083C35B /* UIViewController+Extension.swift */ = {isa = PBXFileReference; lastKnownFileType = sourcecode.swift; path = "UIViewController+Extension.swift"; sourceTree = "<group>"; };
		553CCE102AADA5A20083C35B /* Preview+Extension.swift */ = {isa = PBXFileReference; lastKnownFileType = sourcecode.swift; path = "Preview+Extension.swift"; sourceTree = "<group>"; };
		553CCE122AADBB0A0083C35B /* String+Extension.swift */ = {isa = PBXFileReference; lastKnownFileType = sourcecode.swift; path = "String+Extension.swift"; sourceTree = "<group>"; };
		553CCE142AADC9910083C35B /* ImageView+Extension.swift */ = {isa = PBXFileReference; lastKnownFileType = sourcecode.swift; path = "ImageView+Extension.swift"; sourceTree = "<group>"; };
		553CCE182AADD3160083C35B /* RealmManager.swift */ = {isa = PBXFileReference; fileEncoding = 4; lastKnownFileType = sourcecode.swift; path = RealmManager.swift; sourceTree = "<group>"; };
		553CCE1A2AADD45B0083C35B /* RealmShoppingData.swift */ = {isa = PBXFileReference; lastKnownFileType = sourcecode.swift; path = RealmShoppingData.swift; sourceTree = "<group>"; };
		558749B52AAC051900CEA4A2 /* ErrorString.swift */ = {isa = PBXFileReference; lastKnownFileType = sourcecode.swift; path = ErrorString.swift; sourceTree = "<group>"; };
		558749B72AAC070000CEA4A2 /* NaverShoppingAPIService.swift */ = {isa = PBXFileReference; lastKnownFileType = sourcecode.swift; path = NaverShoppingAPIService.swift; sourceTree = "<group>"; };
		558749BC2AAC5A0000CEA4A2 /* NaverErrorResult.swift */ = {isa = PBXFileReference; lastKnownFileType = sourcecode.swift; path = NaverErrorResult.swift; sourceTree = "<group>"; };
		5593326C2AAB7599004BADF8 /* NaverShoppingList.app */ = {isa = PBXFileReference; explicitFileType = wrapper.application; includeInIndex = 0; path = NaverShoppingList.app; sourceTree = BUILT_PRODUCTS_DIR; };
		5593326F2AAB7599004BADF8 /* AppDelegate.swift */ = {isa = PBXFileReference; lastKnownFileType = sourcecode.swift; path = AppDelegate.swift; sourceTree = "<group>"; };
		559332712AAB7599004BADF8 /* SceneDelegate.swift */ = {isa = PBXFileReference; lastKnownFileType = sourcecode.swift; path = SceneDelegate.swift; sourceTree = "<group>"; };
		559332732AAB7599004BADF8 /* NSSearchViewController.swift */ = {isa = PBXFileReference; lastKnownFileType = sourcecode.swift; path = NSSearchViewController.swift; sourceTree = "<group>"; };
		559332782AAB7599004BADF8 /* Assets.xcassets */ = {isa = PBXFileReference; lastKnownFileType = folder.assetcatalog; path = Assets.xcassets; sourceTree = "<group>"; };
		5593327B2AAB7599004BADF8 /* Base */ = {isa = PBXFileReference; lastKnownFileType = file.storyboard; name = Base; path = Base.lproj/LaunchScreen.storyboard; sourceTree = "<group>"; };
		5593327D2AAB7599004BADF8 /* Info.plist */ = {isa = PBXFileReference; lastKnownFileType = text.plist.xml; path = Info.plist; sourceTree = "<group>"; };
		559332892AAB75E6004BADF8 /* .gitignore */ = {isa = PBXFileReference; lastKnownFileType = text; path = .gitignore; sourceTree = "<group>"; };
		5593328B2AAB75FD004BADF8 /* APIKEY.swift */ = {isa = PBXFileReference; lastKnownFileType = sourcecode.swift; path = APIKEY.swift; sourceTree = "<group>"; };
		559332A62AAB7C86004BADF8 /* NaverShoppingEndPoint.swift */ = {isa = PBXFileReference; lastKnownFileType = sourcecode.swift; path = NaverShoppingEndPoint.swift; sourceTree = "<group>"; };
		559332AA2AAB8F7E004BADF8 /* NetworkError.swift */ = {isa = PBXFileReference; lastKnownFileType = sourcecode.swift; path = NetworkError.swift; sourceTree = "<group>"; };
		559332AC2AABAA06004BADF8 /* ShoppingResult.swift */ = {isa = PBXFileReference; lastKnownFileType = sourcecode.swift; path = ShoppingResult.swift; sourceTree = "<group>"; };
		559332B22AABFF8D004BADF8 /* NaverShoppingListTests.xctest */ = {isa = PBXFileReference; explicitFileType = wrapper.cfbundle; includeInIndex = 0; path = NaverShoppingListTests.xctest; sourceTree = BUILT_PRODUCTS_DIR; };
		559332B42AABFF8D004BADF8 /* NaverShoppingListTests.swift */ = {isa = PBXFileReference; lastKnownFileType = sourcecode.swift; path = NaverShoppingListTests.swift; sourceTree = "<group>"; };
/* End PBXFileReference section */

/* Begin PBXFrameworksBuildPhase section */
		559332692AAB7599004BADF8 /* Frameworks */ = {
			isa = PBXFrameworksBuildPhase;
			buildActionMask = 2147483647;
			files = (
				559332A52AAB7C2C004BADF8 /* RealmSwift in Frameworks */,
				559332A32AAB7C2C004BADF8 /* Realm in Frameworks */,
				559332852AAB75AD004BADF8 /* JimmyKit in Frameworks */,
				559332882AAB75BB004BADF8 /* SnapKit in Frameworks */,
			);
			runOnlyForDeploymentPostprocessing = 0;
		};
		559332AF2AABFF8D004BADF8 /* Frameworks */ = {
			isa = PBXFrameworksBuildPhase;
			buildActionMask = 2147483647;
			files = (
			);
			runOnlyForDeploymentPostprocessing = 0;
		};
/* End PBXFrameworksBuildPhase section */

/* Begin PBXGroup section */
		553CCDED2AAD5E180083C35B /* TabBar */ = {
			isa = PBXGroup;
			children = (
				553CCDEE2AAD5E610083C35B /* NSTabBarController.swift */,
			);
			path = TabBar;
			sourceTree = "<group>";
		};
		553CCDFA2AAD736C0083C35B /* Common */ = {
			isa = PBXGroup;
			children = (
				553CCDEB2AAD5D990083C35B /* NSSearchView.swift */,
				553CCDFB2AAD738C0083C35B /* NSButtonCollectionViewCell.swift */,
				553CCDFD2AAD73B70083C35B /* NSResultCollectionViewCell.swift */,
			);
			path = Common;
			sourceTree = "<group>";
		};
		553CCE0B2AAD98900083C35B /* Manager */ = {
			isa = PBXGroup;
			children = (
				553CCE182AADD3160083C35B /* RealmManager.swift */,
				553CCE0C2AAD98B80083C35B /* NSSearchManager.swift */,
			);
			path = Manager;
			sourceTree = "<group>";
		};
		559332632AAB7599004BADF8 = {
			isa = PBXGroup;
			children = (
				5593326E2AAB7599004BADF8 /* NaverShoppingList */,
				559332B32AABFF8D004BADF8 /* NaverShoppingListTests */,
				5593326D2AAB7599004BADF8 /* Products */,
			);
			sourceTree = "<group>";
		};
		5593326D2AAB7599004BADF8 /* Products */ = {
			isa = PBXGroup;
			children = (
				5593326C2AAB7599004BADF8 /* NaverShoppingList.app */,
				559332B22AABFF8D004BADF8 /* NaverShoppingListTests.xctest */,
			);
			name = Products;
			sourceTree = "<group>";
		};
		5593326E2AAB7599004BADF8 /* NaverShoppingList */ = {
			isa = PBXGroup;
			children = (
				5593328D2AAB76D4004BADF8 /* Resource */,
				559332902AAB7737004BADF8 /* Source */,
			);
			path = NaverShoppingList;
			sourceTree = "<group>";
		};
		5593328D2AAB76D4004BADF8 /* Resource */ = {
			isa = PBXGroup;
			children = (
				5593327D2AAB7599004BADF8 /* Info.plist */,
				559332782AAB7599004BADF8 /* Assets.xcassets */,
				5593327A2AAB7599004BADF8 /* LaunchScreen.storyboard */,
				5593329D2AAB788A004BADF8 /* Extension */,
				5593329E2AAB7892004BADF8 /* Constants */,
			);
			path = Resource;
			sourceTree = "<group>";
		};
		5593328E2AAB7700004BADF8 /* App */ = {
			isa = PBXGroup;
			children = (
				5593326F2AAB7599004BADF8 /* AppDelegate.swift */,
				559332712AAB7599004BADF8 /* SceneDelegate.swift */,
			);
			path = App;
			sourceTree = "<group>";
		};
		5593328F2AAB770E004BADF8 /* APIKey */ = {
			isa = PBXGroup;
			children = (
				559332892AAB75E6004BADF8 /* .gitignore */,
				5593328B2AAB75FD004BADF8 /* APIKEY.swift */,
			);
			path = APIKey;
			sourceTree = "<group>";
		};
		559332902AAB7737004BADF8 /* Source */ = {
			isa = PBXGroup;
			children = (
				5593328E2AAB7700004BADF8 /* App */,
				559332932AAB7774004BADF8 /* Network */,
				553CCE0B2AAD98900083C35B /* Manager */,
				559332912AAB7757004BADF8 /* View */,
				559332A82AAB7D4F004BADF8 /* ViewModel */,
			);
			path = Source;
			sourceTree = "<group>";
		};
		559332912AAB7757004BADF8 /* View */ = {
			isa = PBXGroup;
			children = (
				553CCDFA2AAD736C0083C35B /* Common */,
				553CCDED2AAD5E180083C35B /* TabBar */,
				5593329C2AAB785E004BADF8 /* Search */,
				5593329B2AAB785C004BADF8 /* Like */,
				5593329A2AAB7858004BADF8 /* Detail */,
				559332A02AAB7954004BADF8 /* More */,
			);
			path = View;
			sourceTree = "<group>";
		};
		559332932AAB7774004BADF8 /* Network */ = {
			isa = PBXGroup;
			children = (
				559332962AAB77A2004BADF8 /* Model */,
				559332A92AAB8F62004BADF8 /* Error */,
				5593328F2AAB770E004BADF8 /* APIKey */,
				559332952AAB7790004BADF8 /* APIEndPoint */,
				559332942AAB7781004BADF8 /* APIService */,
			);
			path = Network;
			sourceTree = "<group>";
		};
		559332942AAB7781004BADF8 /* APIService */ = {
			isa = PBXGroup;
			children = (
				558749B72AAC070000CEA4A2 /* NaverShoppingAPIService.swift */,
			);
			path = APIService;
			sourceTree = "<group>";
		};
		559332952AAB7790004BADF8 /* APIEndPoint */ = {
			isa = PBXGroup;
			children = (
				559332A62AAB7C86004BADF8 /* NaverShoppingEndPoint.swift */,
			);
			path = APIEndPoint;
			sourceTree = "<group>";
		};
		559332962AAB77A2004BADF8 /* Model */ = {
			isa = PBXGroup;
			children = (
				559332AC2AABAA06004BADF8 /* ShoppingResult.swift */,
				553CCE1A2AADD45B0083C35B /* RealmShoppingData.swift */,
			);
			path = Model;
			sourceTree = "<group>";
		};
		5593329A2AAB7858004BADF8 /* Detail */ = {
			isa = PBXGroup;
			children = (
				553CCDF22AAD5F0A0083C35B /* NSDetailViewController.swift */,
			);
			path = Detail;
			sourceTree = "<group>";
		};
		5593329B2AAB785C004BADF8 /* Like */ = {
			isa = PBXGroup;
			children = (
				553CCDF02AAD5EBA0083C35B /* NSLikedViewController.swift */,
			);
			path = Like;
			sourceTree = "<group>";
		};
		5593329C2AAB785E004BADF8 /* Search */ = {
			isa = PBXGroup;
			children = (
				559332732AAB7599004BADF8 /* NSSearchViewController.swift */,
			);
			path = Search;
			sourceTree = "<group>";
		};
		5593329D2AAB788A004BADF8 /* Extension */ = {
			isa = PBXGroup;
			children = (
				553CCDF82AAD6AAA0083C35B /* UICollectionViewFlowLayout+Extension.swift */,
				553CCE0E2AADA1C50083C35B /* UIViewController+Extension.swift */,
				553CCE102AADA5A20083C35B /* Preview+Extension.swift */,
				553CCE122AADBB0A0083C35B /* String+Extension.swift */,
				553CCE142AADC9910083C35B /* ImageView+Extension.swift */,
			);
			path = Extension;
			sourceTree = "<group>";
		};
		5593329E2AAB7892004BADF8 /* Constants */ = {
			isa = PBXGroup;
			children = (
				558749B52AAC051900CEA4A2 /* ErrorString.swift */,
				553CCDF62AAD65FE0083C35B /* LocalizedString.swift */,
				553CCDFF2AAD761D0083C35B /* UIConstants.swift */,
			);
			path = Constants;
			sourceTree = "<group>";
		};
		559332A02AAB7954004BADF8 /* More */ = {
			isa = PBXGroup;
			children = (
				553CCDF42AAD5F200083C35B /* NSMoreViewController.swift */,
			);
			path = More;
			sourceTree = "<group>";
		};
		559332A82AAB7D4F004BADF8 /* ViewModel */ = {
			isa = PBXGroup;
			children = (
			);
			path = ViewModel;
			sourceTree = "<group>";
		};
		559332A92AAB8F62004BADF8 /* Error */ = {
			isa = PBXGroup;
			children = (
				558749BC2AAC5A0000CEA4A2 /* NaverErrorResult.swift */,
				559332AA2AAB8F7E004BADF8 /* NetworkError.swift */,
			);
			path = Error;
			sourceTree = "<group>";
		};
		559332B32AABFF8D004BADF8 /* NaverShoppingListTests */ = {
			isa = PBXGroup;
			children = (
				559332B42AABFF8D004BADF8 /* NaverShoppingListTests.swift */,
			);
			path = NaverShoppingListTests;
			sourceTree = "<group>";
		};
/* End PBXGroup section */

/* Begin PBXNativeTarget section */
		5593326B2AAB7599004BADF8 /* NaverShoppingList */ = {
			isa = PBXNativeTarget;
			buildConfigurationList = 559332802AAB7599004BADF8 /* Build configuration list for PBXNativeTarget "NaverShoppingList" */;
			buildPhases = (
				559332682AAB7599004BADF8 /* Sources */,
				559332692AAB7599004BADF8 /* Frameworks */,
				5593326A2AAB7599004BADF8 /* Resources */,
			);
			buildRules = (
			);
			dependencies = (
			);
			name = NaverShoppingList;
			packageProductDependencies = (
				559332842AAB75AD004BADF8 /* JimmyKit */,
				559332872AAB75BB004BADF8 /* SnapKit */,
				559332A22AAB7C2C004BADF8 /* Realm */,
				559332A42AAB7C2C004BADF8 /* RealmSwift */,
			);
			productName = NaverShoppingList;
			productReference = 5593326C2AAB7599004BADF8 /* NaverShoppingList.app */;
			productType = "com.apple.product-type.application";
		};
		559332B12AABFF8D004BADF8 /* NaverShoppingListTests */ = {
			isa = PBXNativeTarget;
			buildConfigurationList = 559332B82AABFF8D004BADF8 /* Build configuration list for PBXNativeTarget "NaverShoppingListTests" */;
			buildPhases = (
				559332AE2AABFF8D004BADF8 /* Sources */,
				559332AF2AABFF8D004BADF8 /* Frameworks */,
				559332B02AABFF8D004BADF8 /* Resources */,
			);
			buildRules = (
			);
			dependencies = (
				559332B72AABFF8D004BADF8 /* PBXTargetDependency */,
			);
			name = NaverShoppingListTests;
			productName = NaverShoppingListTests;
			productReference = 559332B22AABFF8D004BADF8 /* NaverShoppingListTests.xctest */;
			productType = "com.apple.product-type.bundle.unit-test";
		};
/* End PBXNativeTarget section */

/* Begin PBXProject section */
		559332642AAB7599004BADF8 /* Project object */ = {
			isa = PBXProject;
			attributes = {
				BuildIndependentTargetsInParallel = 1;
				LastSwiftUpdateCheck = 1430;
				LastUpgradeCheck = 1430;
				TargetAttributes = {
					5593326B2AAB7599004BADF8 = {
						CreatedOnToolsVersion = 14.3.1;
					};
					559332B12AABFF8D004BADF8 = {
						CreatedOnToolsVersion = 14.3.1;
						TestTargetID = 5593326B2AAB7599004BADF8;
					};
				};
			};
			buildConfigurationList = 559332672AAB7599004BADF8 /* Build configuration list for PBXProject "NaverShoppingList" */;
			compatibilityVersion = "Xcode 14.0";
			developmentRegion = en;
			hasScannedForEncodings = 0;
			knownRegions = (
				en,
				Base,
			);
			mainGroup = 559332632AAB7599004BADF8;
			packageReferences = (
				559332832AAB75AD004BADF8 /* XCRemoteSwiftPackageReference "JimmyKit" */,
				559332862AAB75BB004BADF8 /* XCRemoteSwiftPackageReference "SnapKit" */,
				559332A12AAB7C2C004BADF8 /* XCRemoteSwiftPackageReference "realm-swift" */,
			);
			productRefGroup = 5593326D2AAB7599004BADF8 /* Products */;
			projectDirPath = "";
			projectRoot = "";
			targets = (
				5593326B2AAB7599004BADF8 /* NaverShoppingList */,
				559332B12AABFF8D004BADF8 /* NaverShoppingListTests */,
			);
		};
/* End PBXProject section */

/* Begin PBXResourcesBuildPhase section */
		5593326A2AAB7599004BADF8 /* Resources */ = {
			isa = PBXResourcesBuildPhase;
			buildActionMask = 2147483647;
			files = (
				5593328A2AAB75E6004BADF8 /* .gitignore in Resources */,
				5593327C2AAB7599004BADF8 /* LaunchScreen.storyboard in Resources */,
				559332792AAB7599004BADF8 /* Assets.xcassets in Resources */,
			);
			runOnlyForDeploymentPostprocessing = 0;
		};
		559332B02AABFF8D004BADF8 /* Resources */ = {
			isa = PBXResourcesBuildPhase;
			buildActionMask = 2147483647;
			files = (
			);
			runOnlyForDeploymentPostprocessing = 0;
		};
/* End PBXResourcesBuildPhase section */

/* Begin PBXSourcesBuildPhase section */
		559332682AAB7599004BADF8 /* Sources */ = {
			isa = PBXSourcesBuildPhase;
			buildActionMask = 2147483647;
			files = (
				553CCDF52AAD5F200083C35B /* NSMoreViewController.swift in Sources */,
				553CCDEF2AAD5E620083C35B /* NSTabBarController.swift in Sources */,
				553CCE112AADA5A20083C35B /* Preview+Extension.swift in Sources */,
				553CCE0D2AAD98B80083C35B /* NSSearchManager.swift in Sources */,
				559332742AAB7599004BADF8 /* NSSearchViewController.swift in Sources */,
				553CCE1B2AADD45B0083C35B /* RealmShoppingData.swift in Sources */,
				553CCE152AADC9910083C35B /* ImageView+Extension.swift in Sources */,
				553CCDF12AAD5EBA0083C35B /* NSLikedViewController.swift in Sources */,
				559332702AAB7599004BADF8 /* AppDelegate.swift in Sources */,
				553CCDF32AAD5F0A0083C35B /* NSDetailViewController.swift in Sources */,
				558749B82AAC070000CEA4A2 /* NaverShoppingAPIService.swift in Sources */,
				553CCE002AAD761D0083C35B /* UIConstants.swift in Sources */,
				5593328C2AAB75FD004BADF8 /* APIKEY.swift in Sources */,
				553CCDEC2AAD5D990083C35B /* NSSearchView.swift in Sources */,
				553CCDF92AAD6AAA0083C35B /* UICollectionViewFlowLayout+Extension.swift in Sources */,
				553CCE192AADD3160083C35B /* RealmManager.swift in Sources */,
				553CCE0F2AADA1C50083C35B /* UIViewController+Extension.swift in Sources */,
				553CCDFE2AAD73B70083C35B /* NSResultCollectionViewCell.swift in Sources */,
				559332AB2AAB8F7E004BADF8 /* NetworkError.swift in Sources */,
				559332722AAB7599004BADF8 /* SceneDelegate.swift in Sources */,
				558749B62AAC051900CEA4A2 /* ErrorString.swift in Sources */,
				558749BD2AAC5A0000CEA4A2 /* NaverErrorResult.swift in Sources */,
				559332A72AAB7C86004BADF8 /* NaverShoppingEndPoint.swift in Sources */,
				553CCDF72AAD65FE0083C35B /* LocalizedString.swift in Sources */,
				553CCDFC2AAD738C0083C35B /* NSButtonCollectionViewCell.swift in Sources */,
				559332AD2AABAA06004BADF8 /* ShoppingResult.swift in Sources */,
				553CCE132AADBB0A0083C35B /* String+Extension.swift in Sources */,
			);
			runOnlyForDeploymentPostprocessing = 0;
		};
		559332AE2AABFF8D004BADF8 /* Sources */ = {
			isa = PBXSourcesBuildPhase;
			buildActionMask = 2147483647;
			files = (
				559332B52AABFF8D004BADF8 /* NaverShoppingListTests.swift in Sources */,
			);
			runOnlyForDeploymentPostprocessing = 0;
		};
/* End PBXSourcesBuildPhase section */

/* Begin PBXTargetDependency section */
		559332B72AABFF8D004BADF8 /* PBXTargetDependency */ = {
			isa = PBXTargetDependency;
			target = 5593326B2AAB7599004BADF8 /* NaverShoppingList */;
			targetProxy = 559332B62AABFF8D004BADF8 /* PBXContainerItemProxy */;
		};
/* End PBXTargetDependency section */

/* Begin PBXVariantGroup section */
		5593327A2AAB7599004BADF8 /* LaunchScreen.storyboard */ = {
			isa = PBXVariantGroup;
			children = (
				5593327B2AAB7599004BADF8 /* Base */,
			);
			name = LaunchScreen.storyboard;
			sourceTree = "<group>";
		};
/* End PBXVariantGroup section */

/* Begin XCBuildConfiguration section */
		5593327E2AAB7599004BADF8 /* Debug */ = {
			isa = XCBuildConfiguration;
			buildSettings = {
				ALWAYS_SEARCH_USER_PATHS = NO;
				CLANG_ANALYZER_NONNULL = YES;
				CLANG_ANALYZER_NUMBER_OBJECT_CONVERSION = YES_AGGRESSIVE;
				CLANG_CXX_LANGUAGE_STANDARD = "gnu++20";
				CLANG_ENABLE_MODULES = YES;
				CLANG_ENABLE_OBJC_ARC = YES;
				CLANG_ENABLE_OBJC_WEAK = YES;
				CLANG_WARN_BLOCK_CAPTURE_AUTORELEASING = YES;
				CLANG_WARN_BOOL_CONVERSION = YES;
				CLANG_WARN_COMMA = YES;
				CLANG_WARN_CONSTANT_CONVERSION = YES;
				CLANG_WARN_DEPRECATED_OBJC_IMPLEMENTATIONS = YES;
				CLANG_WARN_DIRECT_OBJC_ISA_USAGE = YES_ERROR;
				CLANG_WARN_DOCUMENTATION_COMMENTS = YES;
				CLANG_WARN_EMPTY_BODY = YES;
				CLANG_WARN_ENUM_CONVERSION = YES;
				CLANG_WARN_INFINITE_RECURSION = YES;
				CLANG_WARN_INT_CONVERSION = YES;
				CLANG_WARN_NON_LITERAL_NULL_CONVERSION = YES;
				CLANG_WARN_OBJC_IMPLICIT_RETAIN_SELF = YES;
				CLANG_WARN_OBJC_LITERAL_CONVERSION = YES;
				CLANG_WARN_OBJC_ROOT_CLASS = YES_ERROR;
				CLANG_WARN_QUOTED_INCLUDE_IN_FRAMEWORK_HEADER = YES;
				CLANG_WARN_RANGE_LOOP_ANALYSIS = YES;
				CLANG_WARN_STRICT_PROTOTYPES = YES;
				CLANG_WARN_SUSPICIOUS_MOVE = YES;
				CLANG_WARN_UNGUARDED_AVAILABILITY = YES_AGGRESSIVE;
				CLANG_WARN_UNREACHABLE_CODE = YES;
				CLANG_WARN__DUPLICATE_METHOD_MATCH = YES;
				COPY_PHASE_STRIP = NO;
				DEBUG_INFORMATION_FORMAT = dwarf;
				ENABLE_STRICT_OBJC_MSGSEND = YES;
				ENABLE_TESTABILITY = YES;
				GCC_C_LANGUAGE_STANDARD = gnu11;
				GCC_DYNAMIC_NO_PIC = NO;
				GCC_NO_COMMON_BLOCKS = YES;
				GCC_OPTIMIZATION_LEVEL = 0;
				GCC_PREPROCESSOR_DEFINITIONS = (
					"DEBUG=1",
					"$(inherited)",
				);
				GCC_WARN_64_TO_32_BIT_CONVERSION = YES;
				GCC_WARN_ABOUT_RETURN_TYPE = YES_ERROR;
				GCC_WARN_UNDECLARED_SELECTOR = YES;
				GCC_WARN_UNINITIALIZED_AUTOS = YES_AGGRESSIVE;
				GCC_WARN_UNUSED_FUNCTION = YES;
				GCC_WARN_UNUSED_VARIABLE = YES;
				IPHONEOS_DEPLOYMENT_TARGET = 13.0;
				MTL_ENABLE_DEBUG_INFO = INCLUDE_SOURCE;
				MTL_FAST_MATH = YES;
				ONLY_ACTIVE_ARCH = YES;
				SDKROOT = iphoneos;
				SWIFT_ACTIVE_COMPILATION_CONDITIONS = DEBUG;
				SWIFT_OPTIMIZATION_LEVEL = "-Onone";
			};
			name = Debug;
		};
		5593327F2AAB7599004BADF8 /* Release */ = {
			isa = XCBuildConfiguration;
			buildSettings = {
				ALWAYS_SEARCH_USER_PATHS = NO;
				CLANG_ANALYZER_NONNULL = YES;
				CLANG_ANALYZER_NUMBER_OBJECT_CONVERSION = YES_AGGRESSIVE;
				CLANG_CXX_LANGUAGE_STANDARD = "gnu++20";
				CLANG_ENABLE_MODULES = YES;
				CLANG_ENABLE_OBJC_ARC = YES;
				CLANG_ENABLE_OBJC_WEAK = YES;
				CLANG_WARN_BLOCK_CAPTURE_AUTORELEASING = YES;
				CLANG_WARN_BOOL_CONVERSION = YES;
				CLANG_WARN_COMMA = YES;
				CLANG_WARN_CONSTANT_CONVERSION = YES;
				CLANG_WARN_DEPRECATED_OBJC_IMPLEMENTATIONS = YES;
				CLANG_WARN_DIRECT_OBJC_ISA_USAGE = YES_ERROR;
				CLANG_WARN_DOCUMENTATION_COMMENTS = YES;
				CLANG_WARN_EMPTY_BODY = YES;
				CLANG_WARN_ENUM_CONVERSION = YES;
				CLANG_WARN_INFINITE_RECURSION = YES;
				CLANG_WARN_INT_CONVERSION = YES;
				CLANG_WARN_NON_LITERAL_NULL_CONVERSION = YES;
				CLANG_WARN_OBJC_IMPLICIT_RETAIN_SELF = YES;
				CLANG_WARN_OBJC_LITERAL_CONVERSION = YES;
				CLANG_WARN_OBJC_ROOT_CLASS = YES_ERROR;
				CLANG_WARN_QUOTED_INCLUDE_IN_FRAMEWORK_HEADER = YES;
				CLANG_WARN_RANGE_LOOP_ANALYSIS = YES;
				CLANG_WARN_STRICT_PROTOTYPES = YES;
				CLANG_WARN_SUSPICIOUS_MOVE = YES;
				CLANG_WARN_UNGUARDED_AVAILABILITY = YES_AGGRESSIVE;
				CLANG_WARN_UNREACHABLE_CODE = YES;
				CLANG_WARN__DUPLICATE_METHOD_MATCH = YES;
				COPY_PHASE_STRIP = NO;
				DEBUG_INFORMATION_FORMAT = "dwarf-with-dsym";
				ENABLE_NS_ASSERTIONS = NO;
				ENABLE_STRICT_OBJC_MSGSEND = YES;
				GCC_C_LANGUAGE_STANDARD = gnu11;
				GCC_NO_COMMON_BLOCKS = YES;
				GCC_WARN_64_TO_32_BIT_CONVERSION = YES;
				GCC_WARN_ABOUT_RETURN_TYPE = YES_ERROR;
				GCC_WARN_UNDECLARED_SELECTOR = YES;
				GCC_WARN_UNINITIALIZED_AUTOS = YES_AGGRESSIVE;
				GCC_WARN_UNUSED_FUNCTION = YES;
				GCC_WARN_UNUSED_VARIABLE = YES;
				IPHONEOS_DEPLOYMENT_TARGET = 13.0;
				MTL_ENABLE_DEBUG_INFO = NO;
				MTL_FAST_MATH = YES;
				SDKROOT = iphoneos;
				SWIFT_COMPILATION_MODE = wholemodule;
				SWIFT_OPTIMIZATION_LEVEL = "-O";
				VALIDATE_PRODUCT = YES;
			};
			name = Release;
		};
		559332812AAB7599004BADF8 /* Debug */ = {
			isa = XCBuildConfiguration;
			buildSettings = {
				ASSETCATALOG_COMPILER_APPICON_NAME = AppIcon;
				ASSETCATALOG_COMPILER_GLOBAL_ACCENT_COLOR_NAME = AccentColor;
				CODE_SIGN_STYLE = Automatic;
				CURRENT_PROJECT_VERSION = 1;
				DEVELOPMENT_TEAM = VJ2VF4KUF7;
				GENERATE_INFOPLIST_FILE = YES;
				INFOPLIST_FILE = NaverShoppingList/Resource/Info.plist;
				INFOPLIST_KEY_UIApplicationSupportsIndirectInputEvents = YES;
				INFOPLIST_KEY_UILaunchStoryboardName = LaunchScreen;
				INFOPLIST_KEY_UISupportedInterfaceOrientations = UIInterfaceOrientationPortrait;
				INFOPLIST_KEY_UISupportedInterfaceOrientations_iPad = "UIInterfaceOrientationLandscapeLeft UIInterfaceOrientationLandscapeRight UIInterfaceOrientationPortrait UIInterfaceOrientationPortraitUpsideDown";
				LD_RUNPATH_SEARCH_PATHS = (
					"$(inherited)",
					"@executable_path/Frameworks",
				);
				MARKETING_VERSION = 1.0;
				PRODUCT_BUNDLE_IDENTIFIER = com.Jimmy.NaverShoppingList;
				PRODUCT_NAME = "$(TARGET_NAME)";
				SWIFT_EMIT_LOC_STRINGS = YES;
				SWIFT_VERSION = 5.0;
				TARGETED_DEVICE_FAMILY = "1,2";
			};
			name = Debug;
		};
		559332822AAB7599004BADF8 /* Release */ = {
			isa = XCBuildConfiguration;
			buildSettings = {
				ASSETCATALOG_COMPILER_APPICON_NAME = AppIcon;
				ASSETCATALOG_COMPILER_GLOBAL_ACCENT_COLOR_NAME = AccentColor;
				CODE_SIGN_STYLE = Automatic;
				CURRENT_PROJECT_VERSION = 1;
				DEVELOPMENT_TEAM = VJ2VF4KUF7;
				GENERATE_INFOPLIST_FILE = YES;
				INFOPLIST_FILE = NaverShoppingList/Resource/Info.plist;
				INFOPLIST_KEY_UIApplicationSupportsIndirectInputEvents = YES;
				INFOPLIST_KEY_UILaunchStoryboardName = LaunchScreen;
				INFOPLIST_KEY_UISupportedInterfaceOrientations = UIInterfaceOrientationPortrait;
				INFOPLIST_KEY_UISupportedInterfaceOrientations_iPad = "UIInterfaceOrientationLandscapeLeft UIInterfaceOrientationLandscapeRight UIInterfaceOrientationPortrait UIInterfaceOrientationPortraitUpsideDown";
				LD_RUNPATH_SEARCH_PATHS = (
					"$(inherited)",
					"@executable_path/Frameworks",
				);
				MARKETING_VERSION = 1.0;
				PRODUCT_BUNDLE_IDENTIFIER = com.Jimmy.NaverShoppingList;
				PRODUCT_NAME = "$(TARGET_NAME)";
				SWIFT_EMIT_LOC_STRINGS = YES;
				SWIFT_VERSION = 5.0;
				TARGETED_DEVICE_FAMILY = "1,2";
			};
			name = Release;
		};
		559332B92AABFF8D004BADF8 /* Debug */ = {
			isa = XCBuildConfiguration;
			buildSettings = {
				BUNDLE_LOADER = "$(TEST_HOST)";
				CODE_SIGN_STYLE = Automatic;
				CURRENT_PROJECT_VERSION = 1;
				DEVELOPMENT_TEAM = VJ2VF4KUF7;
				GENERATE_INFOPLIST_FILE = YES;
				IPHONEOS_DEPLOYMENT_TARGET = 16.4;
				MARKETING_VERSION = 1.0;
				PRODUCT_BUNDLE_IDENTIFIER = com.Jimmy.NaverShoppingListTests;
				PRODUCT_NAME = "$(TARGET_NAME)";
				SWIFT_EMIT_LOC_STRINGS = NO;
				SWIFT_VERSION = 5.0;
				TARGETED_DEVICE_FAMILY = "1,2";
				TEST_HOST = "$(BUILT_PRODUCTS_DIR)/NaverShoppingList.app/$(BUNDLE_EXECUTABLE_FOLDER_PATH)/NaverShoppingList";
			};
			name = Debug;
		};
		559332BA2AABFF8D004BADF8 /* Release */ = {
			isa = XCBuildConfiguration;
			buildSettings = {
				BUNDLE_LOADER = "$(TEST_HOST)";
				CODE_SIGN_STYLE = Automatic;
				CURRENT_PROJECT_VERSION = 1;
				DEVELOPMENT_TEAM = VJ2VF4KUF7;
				GENERATE_INFOPLIST_FILE = YES;
				IPHONEOS_DEPLOYMENT_TARGET = 16.4;
				MARKETING_VERSION = 1.0;
				PRODUCT_BUNDLE_IDENTIFIER = com.Jimmy.NaverShoppingListTests;
				PRODUCT_NAME = "$(TARGET_NAME)";
				SWIFT_EMIT_LOC_STRINGS = NO;
				SWIFT_VERSION = 5.0;
				TARGETED_DEVICE_FAMILY = "1,2";
				TEST_HOST = "$(BUILT_PRODUCTS_DIR)/NaverShoppingList.app/$(BUNDLE_EXECUTABLE_FOLDER_PATH)/NaverShoppingList";
			};
			name = Release;
		};
/* End XCBuildConfiguration section */

/* Begin XCConfigurationList section */
		559332672AAB7599004BADF8 /* Build configuration list for PBXProject "NaverShoppingList" */ = {
			isa = XCConfigurationList;
			buildConfigurations = (
				5593327E2AAB7599004BADF8 /* Debug */,
				5593327F2AAB7599004BADF8 /* Release */,
			);
			defaultConfigurationIsVisible = 0;
			defaultConfigurationName = Release;
		};
		559332802AAB7599004BADF8 /* Build configuration list for PBXNativeTarget "NaverShoppingList" */ = {
			isa = XCConfigurationList;
			buildConfigurations = (
				559332812AAB7599004BADF8 /* Debug */,
				559332822AAB7599004BADF8 /* Release */,
			);
			defaultConfigurationIsVisible = 0;
			defaultConfigurationName = Release;
		};
		559332B82AABFF8D004BADF8 /* Build configuration list for PBXNativeTarget "NaverShoppingListTests" */ = {
			isa = XCConfigurationList;
			buildConfigurations = (
				559332B92AABFF8D004BADF8 /* Debug */,
				559332BA2AABFF8D004BADF8 /* Release */,
			);
			defaultConfigurationIsVisible = 0;
			defaultConfigurationName = Release;
		};
/* End XCConfigurationList section */

/* Begin XCRemoteSwiftPackageReference section */
		559332832AAB75AD004BADF8 /* XCRemoteSwiftPackageReference "JimmyKit" */ = {
			isa = XCRemoteSwiftPackageReference;
			repositoryURL = "https://github.com/Jimmy-Jung/JimmyKit";
			requirement = {
				kind = upToNextMajorVersion;
				minimumVersion = 1.0.0;
			};
		};
		559332862AAB75BB004BADF8 /* XCRemoteSwiftPackageReference "SnapKit" */ = {
			isa = XCRemoteSwiftPackageReference;
			repositoryURL = "https://github.com/SnapKit/SnapKit.git";
			requirement = {
				kind = upToNextMajorVersion;
				minimumVersion = 5.0.0;
			};
		};
		559332A12AAB7C2C004BADF8 /* XCRemoteSwiftPackageReference "realm-swift" */ = {
			isa = XCRemoteSwiftPackageReference;
			repositoryURL = "https://github.com/realm/realm-swift";
			requirement = {
				branch = master;
				kind = branch;
			};
		};
/* End XCRemoteSwiftPackageReference section */

/* Begin XCSwiftPackageProductDependency section */
		559332842AAB75AD004BADF8 /* JimmyKit */ = {
			isa = XCSwiftPackageProductDependency;
			package = 559332832AAB75AD004BADF8 /* XCRemoteSwiftPackageReference "JimmyKit" */;
			productName = JimmyKit;
		};
		559332872AAB75BB004BADF8 /* SnapKit */ = {
			isa = XCSwiftPackageProductDependency;
			package = 559332862AAB75BB004BADF8 /* XCRemoteSwiftPackageReference "SnapKit" */;
			productName = SnapKit;
		};
		559332A22AAB7C2C004BADF8 /* Realm */ = {
			isa = XCSwiftPackageProductDependency;
			package = 559332A12AAB7C2C004BADF8 /* XCRemoteSwiftPackageReference "realm-swift" */;
			productName = Realm;
		};
		559332A42AAB7C2C004BADF8 /* RealmSwift */ = {
			isa = XCSwiftPackageProductDependency;
			package = 559332A12AAB7C2C004BADF8 /* XCRemoteSwiftPackageReference "realm-swift" */;
			productName = RealmSwift;
		};
/* End XCSwiftPackageProductDependency section */
	};
	rootObject = 559332642AAB7599004BADF8 /* Project object */;
}
